
Microsoft Visual Studio Solution File, Format Version 12.00
# Visual Studio Version 17
VisualStudioVersion = 17.14.36408.4 d17.14
MinimumVisualStudioVersion = 10.0.40219.1
Project("{FAE04EC0-301F-11D3-BF4B-00C04F79EFBC}") = "CloudApp", "CloudApp.csproj", "{6CA4A731-FE4E-437E-BFDC-BBA04C9CCFD2}"
EndProject
Global
	GlobalSection(SolutionConfigurationPlatforms) = preSolution
		Debug|Any CPU = Debug|Any CPU
		Release|Any CPU = Release|Any CPU
	EndGlobalSection
	GlobalSection(ProjectConfigurationPlatforms) = postSolution
		{6CA4A731-FE4E-437E-BFDC-BBA04C9CCFD2}.Debug|Any CPU.ActiveCfg = Debug|Any CPU
		{6CA4A731-FE4E-437E-BFDC-BBA04C9CCFD2}.Debug|Any CPU.Build.0 = Debug|Any CPU
		{6CA4A731-FE4E-437E-BFDC-BBA04C9CCFD2}.Release|Any CPU.ActiveCfg = Release|Any CPU
		{6CA4A731-FE4E-437E-BFDC-BBA04C9CCFD2}.Release|Any CPU.Build.0 = Release|Any CPU
	EndGlobalSection
	GlobalSection(SolutionProperties) = preSolution
		HideSolutionNode = FALSE
	EndGlobalSection
	GlobalSection(ExtensibilityGlobals) = postSolution
		SolutionGuid = {ACCD32E3-8C8D-4CC9-AC7C-850D683876F8}
	EndGlobalSection
EndGlobal
